
Microsoft Visual Studio Solution File, Format Version 12.00
Project("{FAE04EC0-301F-11D3-BF4B-00C04F79EFBC}") = "webshopApi", "webshopApi\webshopApi.csproj", "{255AC3B1-291F-4FB4-9DDC-17ADF4EA4E48}"
EndProject
Project("{FAE04EC0-301F-11D3-BF4B-00C04F79EFBC}") = "TestSuite", "TestSuite\TestSuite.csproj", "{6BBE72EA-E725-4473-9B20-54225FC63E3F}"
EndProject
Global
	GlobalSection(SolutionConfigurationPlatforms) = preSolution
		Debug|Any CPU = Debug|Any CPU
		Release|Any CPU = Release|Any CPU
	EndGlobalSection
	GlobalSection(ProjectConfigurationPlatforms) = postSolution
		{255AC3B1-291F-4FB4-9DDC-17ADF4EA4E48}.Debug|Any CPU.ActiveCfg = Debug|Any CPU
		{255AC3B1-291F-4FB4-9DDC-17ADF4EA4E48}.Debug|Any CPU.Build.0 = Debug|Any CPU
		{255AC3B1-291F-4FB4-9DDC-17ADF4EA4E48}.Release|Any CPU.ActiveCfg = Release|Any CPU
		{255AC3B1-291F-4FB4-9DDC-17ADF4EA4E48}.Release|Any CPU.Build.0 = Release|Any CPU
		{6BBE72EA-E725-4473-9B20-54225FC63E3F}.Debug|Any CPU.ActiveCfg = Debug|Any CPU
		{6BBE72EA-E725-4473-9B20-54225FC63E3F}.Debug|Any CPU.Build.0 = Debug|Any CPU
		{6BBE72EA-E725-4473-9B20-54225FC63E3F}.Release|Any CPU.ActiveCfg = Release|Any CPU
		{6BBE72EA-E725-4473-9B20-54225FC63E3F}.Release|Any CPU.Build.0 = Release|Any CPU
	EndGlobalSection
EndGlobal
